// !$*UTF8*$!
{
	archiveVersion = 1;
	classes = {
	};
	objectVersion = 50;
	objects = {

/* Begin PBXBuildFile section */
		4209879521F8712100791BB3 /* AppDelegate.swift in Sources */ = {isa = PBXBuildFile; fileRef = 4209879421F8712100791BB3 /* AppDelegate.swift */; };
		4209879721F8712100791BB3 /* ViewController.swift in Sources */ = {isa = PBXBuildFile; fileRef = 4209879621F8712100791BB3 /* ViewController.swift */; };
		4209879A21F8712100791BB3 /* Main.storyboard in Resources */ = {isa = PBXBuildFile; fileRef = 4209879821F8712100791BB3 /* Main.storyboard */; };
		4209879C21F8712300791BB3 /* Assets.xcassets in Resources */ = {isa = PBXBuildFile; fileRef = 4209879B21F8712300791BB3 /* Assets.xcassets */; };
		4209879F21F8712300791BB3 /* LaunchScreen.storyboard in Resources */ = {isa = PBXBuildFile; fileRef = 4209879D21F8712300791BB3 /* LaunchScreen.storyboard */; };
		420987A721F878A700791BB3 /* VerticalSlider.swift in Sources */ = {isa = PBXBuildFile; fileRef = 420987A621F878A700791BB3 /* VerticalSlider.swift */; };
		420987A921F88C3B00791BB3 /* CameraViewController.swift in Sources */ = {isa = PBXBuildFile; fileRef = 420987A821F88C3B00791BB3 /* CameraViewController.swift */; };
		420987AB21F8912A00791BB3 /* PreviewView.swift in Sources */ = {isa = PBXBuildFile; fileRef = 420987AA21F8912A00791BB3 /* PreviewView.swift */; };
		421A3BD821F9A8610021E61D /* PhotoCaptureDelegate.swift in Sources */ = {isa = PBXBuildFile; fileRef = 421A3BD721F9A8610021E61D /* PhotoCaptureDelegate.swift */; };
/* End PBXBuildFile section */

/* Begin PBXFileReference section */
		4209879121F8712100791BB3 /* PipeCam.app */ = {isa = PBXFileReference; explicitFileType = wrapper.application; includeInIndex = 0; path = PipeCam.app; sourceTree = BUILT_PRODUCTS_DIR; };
		4209879421F8712100791BB3 /* AppDelegate.swift */ = {isa = PBXFileReference; lastKnownFileType = sourcecode.swift; path = AppDelegate.swift; sourceTree = "<group>"; };
		4209879621F8712100791BB3 /* ViewController.swift */ = {isa = PBXFileReference; lastKnownFileType = sourcecode.swift; path = ViewController.swift; sourceTree = "<group>"; };
		4209879921F8712100791BB3 /* Base */ = {isa = PBXFileReference; lastKnownFileType = file.storyboard; name = Base; path = Base.lproj/Main.storyboard; sourceTree = "<group>"; };
		4209879B21F8712300791BB3 /* Assets.xcassets */ = {isa = PBXFileReference; lastKnownFileType = folder.assetcatalog; path = Assets.xcassets; sourceTree = "<group>"; };
		4209879E21F8712300791BB3 /* Base */ = {isa = PBXFileReference; lastKnownFileType = file.storyboard; name = Base; path = Base.lproj/LaunchScreen.storyboard; sourceTree = "<group>"; };
		420987A021F8712300791BB3 /* Info.plist */ = {isa = PBXFileReference; lastKnownFileType = text.plist.xml; path = Info.plist; sourceTree = "<group>"; };
		420987A621F878A700791BB3 /* VerticalSlider.swift */ = {isa = PBXFileReference; lastKnownFileType = sourcecode.swift; path = VerticalSlider.swift; sourceTree = "<group>"; };
		420987A821F88C3B00791BB3 /* CameraViewController.swift */ = {isa = PBXFileReference; lastKnownFileType = sourcecode.swift; path = CameraViewController.swift; sourceTree = "<group>"; };
		420987AA21F8912A00791BB3 /* PreviewView.swift */ = {isa = PBXFileReference; lastKnownFileType = sourcecode.swift; path = PreviewView.swift; sourceTree = "<group>"; };
		421A3BD721F9A8610021E61D /* PhotoCaptureDelegate.swift */ = {isa = PBXFileReference; lastKnownFileType = sourcecode.swift; path = PhotoCaptureDelegate.swift; sourceTree = "<group>"; };
/* End PBXFileReference section */

/* Begin PBXFrameworksBuildPhase section */
		4209878E21F8712100791BB3 /* Frameworks */ = {
			isa = PBXFrameworksBuildPhase;
			buildActionMask = 2147483647;
			files = (
			);
			runOnlyForDeploymentPostprocessing = 0;
		};
/* End PBXFrameworksBuildPhase section */

/* Begin PBXGroup section */
		4209878821F8712100791BB3 = {
			isa = PBXGroup;
			children = (
				4209879321F8712100791BB3 /* PipeCam */,
				4209879221F8712100791BB3 /* Products */,
			);
			sourceTree = "<group>";
		};
		4209879221F8712100791BB3 /* Products */ = {
			isa = PBXGroup;
			children = (
				4209879121F8712100791BB3 /* PipeCam.app */,
			);
			name = Products;
			sourceTree = "<group>";
		};
		4209879321F8712100791BB3 /* PipeCam */ = {
			isa = PBXGroup;
			children = (
				4209879421F8712100791BB3 /* AppDelegate.swift */,
				4209879621F8712100791BB3 /* ViewController.swift */,
				4209879821F8712100791BB3 /* Main.storyboard */,
				4209879B21F8712300791BB3 /* Assets.xcassets */,
				4209879D21F8712300791BB3 /* LaunchScreen.storyboard */,
				420987A021F8712300791BB3 /* Info.plist */,
				420987A621F878A700791BB3 /* VerticalSlider.swift */,
				420987A821F88C3B00791BB3 /* CameraViewController.swift */,
				420987AA21F8912A00791BB3 /* PreviewView.swift */,
				421A3BD721F9A8610021E61D /* PhotoCaptureDelegate.swift */,
			);
			path = PipeCam;
			sourceTree = "<group>";
		};
/* End PBXGroup section */

/* Begin PBXNativeTarget section */
		4209879021F8712100791BB3 /* PipeCam */ = {
			isa = PBXNativeTarget;
			buildConfigurationList = 420987A321F8712300791BB3 /* Build configuration list for PBXNativeTarget "PipeCam" */;
			buildPhases = (
				4209878D21F8712100791BB3 /* Sources */,
				4209878E21F8712100791BB3 /* Frameworks */,
				4209878F21F8712100791BB3 /* Resources */,
			);
			buildRules = (
			);
			dependencies = (
			);
			name = PipeCam;
			productName = PipeCam;
			productReference = 4209879121F8712100791BB3 /* PipeCam.app */;
			productType = "com.apple.product-type.application";
		};
/* End PBXNativeTarget section */

/* Begin PBXProject section */
		4209878921F8712100791BB3 /* Project object */ = {
			isa = PBXProject;
			attributes = {
				LastSwiftUpdateCheck = 1000;
				LastUpgradeCheck = 1000;
				ORGANIZATIONNAME = "Piotr Bitner";
				TargetAttributes = {
					4209879021F8712100791BB3 = {
						CreatedOnToolsVersion = 10.0;
					};
				};
			};
			buildConfigurationList = 4209878C21F8712100791BB3 /* Build configuration list for PBXProject "PipeCam" */;
			compatibilityVersion = "Xcode 9.3";
			developmentRegion = en;
			hasScannedForEncodings = 0;
			knownRegions = (
				en,
				Base,
			);
			mainGroup = 4209878821F8712100791BB3;
			productRefGroup = 4209879221F8712100791BB3 /* Products */;
			projectDirPath = "";
			projectRoot = "";
			targets = (
				4209879021F8712100791BB3 /* PipeCam */,
			);
		};
/* End PBXProject section */

/* Begin PBXResourcesBuildPhase section */
		4209878F21F8712100791BB3 /* Resources */ = {
			isa = PBXResourcesBuildPhase;
			buildActionMask = 2147483647;
			files = (
				4209879F21F8712300791BB3 /* LaunchScreen.storyboard in Resources */,
				4209879C21F8712300791BB3 /* Assets.xcassets in Resources */,
				4209879A21F8712100791BB3 /* Main.storyboard in Resources */,
			);
			runOnlyForDeploymentPostprocessing = 0;
		};
/* End PBXResourcesBuildPhase section */

/* Begin PBXSourcesBuildPhase section */
		4209878D21F8712100791BB3 /* Sources */ = {
			isa = PBXSourcesBuildPhase;
			buildActionMask = 2147483647;
			files = (
				421A3BD821F9A8610021E61D /* PhotoCaptureDelegate.swift in Sources */,
				420987AB21F8912A00791BB3 /* PreviewView.swift in Sources */,
				4209879721F8712100791BB3 /* ViewController.swift in Sources */,
				420987A921F88C3B00791BB3 /* CameraViewController.swift in Sources */,
				4209879521F8712100791BB3 /* AppDelegate.swift in Sources */,
				420987A721F878A700791BB3 /* VerticalSlider.swift in Sources */,
			);
			runOnlyForDeploymentPostprocessing = 0;
		};
/* End PBXSourcesBuildPhase section */

/* Begin PBXVariantGroup section */
		4209879821F8712100791BB3 /* Main.storyboard */ = {
			isa = PBXVariantGroup;
			children = (
				4209879921F8712100791BB3 /* Base */,
			);
			name = Main.storyboard;
			sourceTree = "<group>";
		};
		4209879D21F8712300791BB3 /* LaunchScreen.storyboard */ = {
			isa = PBXVariantGroup;
			children = (
				4209879E21F8712300791BB3 /* Base */,
			);
			name = LaunchScreen.storyboard;
			sourceTree = "<group>";
		};
/* End PBXVariantGroup section */

/* Begin XCBuildConfiguration section */
		420987A121F8712300791BB3 /* Debug */ = {
			isa = XCBuildConfiguration;
			buildSettings = {
				ALWAYS_SEARCH_USER_PATHS = NO;
				CLANG_ANALYZER_NONNULL = YES;
				CLANG_ANALYZER_NUMBER_OBJECT_CONVERSION = YES_AGGRESSIVE;
				CLANG_CXX_LANGUAGE_STANDARD = "gnu++14";
				CLANG_CXX_LIBRARY = "libc++";
				CLANG_ENABLE_MODULES = YES;
				CLANG_ENABLE_OBJC_ARC = YES;
				CLANG_ENABLE_OBJC_WEAK = YES;
				CLANG_WARN_BLOCK_CAPTURE_AUTORELEASING = YES;
				CLANG_WARN_BOOL_CONVERSION = YES;
				CLANG_WARN_COMMA = YES;
				CLANG_WARN_CONSTANT_CONVERSION = YES;
				CLANG_WARN_DEPRECATED_OBJC_IMPLEMENTATIONS = YES;
				CLANG_WARN_DIRECT_OBJC_ISA_USAGE = YES_ERROR;
				CLANG_WARN_DOCUMENTATION_COMMENTS = YES;
				CLANG_WARN_EMPTY_BODY = YES;
				CLANG_WARN_ENUM_CONVERSION = YES;
				CLANG_WARN_INFINITE_RECURSION = YES;
				CLANG_WARN_INT_CONVERSION = YES;
				CLANG_WARN_NON_LITERAL_NULL_CONVERSION = YES;
				CLANG_WARN_OBJC_IMPLICIT_RETAIN_SELF = YES;
				CLANG_WARN_OBJC_LITERAL_CONVERSION = YES;
				CLANG_WARN_OBJC_ROOT_CLASS = YES_ERROR;
				CLANG_WARN_RANGE_LOOP_ANALYSIS = YES;
				CLANG_WARN_STRICT_PROTOTYPES = YES;
				CLANG_WARN_SUSPICIOUS_MOVE = YES;
				CLANG_WARN_UNGUARDED_AVAILABILITY = YES_AGGRESSIVE;
				CLANG_WARN_UNREACHABLE_CODE = YES;
				CLANG_WARN__DUPLICATE_METHOD_MATCH = YES;
				CODE_SIGN_IDENTITY = "iPhone Developer";
				COPY_PHASE_STRIP = NO;
				DEBUG_INFORMATION_FORMAT = dwarf;
				ENABLE_STRICT_OBJC_MSGSEND = YES;
				ENABLE_TESTABILITY = YES;
				GCC_C_LANGUAGE_STANDARD = gnu11;
				GCC_DYNAMIC_NO_PIC = NO;
				GCC_NO_COMMON_BLOCKS = YES;
				GCC_OPTIMIZATION_LEVEL = 0;
				GCC_PREPROCESSOR_DEFINITIONS = (
					"DEBUG=1",
					"$(inherited)",
				);
				GCC_WARN_64_TO_32_BIT_CONVERSION = YES;
				GCC_WARN_ABOUT_RETURN_TYPE = YES_ERROR;
				GCC_WARN_UNDECLARED_SELECTOR = YES;
				GCC_WARN_UNINITIALIZED_AUTOS = YES_AGGRESSIVE;
				GCC_WARN_UNUSED_FUNCTION = YES;
				GCC_WARN_UNUSED_VARIABLE = YES;
				IPHONEOS_DEPLOYMENT_TARGET = 11.1;
				MTL_ENABLE_DEBUG_INFO = INCLUDE_SOURCE;
				MTL_FAST_MATH = YES;
				ONLY_ACTIVE_ARCH = YES;
				SDKROOT = iphoneos;
				SWIFT_ACTIVE_COMPILATION_CONDITIONS = DEBUG;
				SWIFT_OPTIMIZATION_LEVEL = "-Onone";
			};
			name = Debug;
		};
		420987A221F8712300791BB3 /* Release */ = {
			isa = XCBuildConfiguration;
			buildSettings = {
				ALWAYS_SEARCH_USER_PATHS = NO;
				CLANG_ANALYZER_NONNULL = YES;
				CLANG_ANALYZER_NUMBER_OBJECT_CONVERSION = YES_AGGRESSIVE;
				CLANG_CXX_LANGUAGE_STANDARD = "gnu++14";
				CLANG_CXX_LIBRARY = "libc++";
				CLANG_ENABLE_MODULES = YES;
				CLANG_ENABLE_OBJC_ARC = YES;
				CLANG_ENABLE_OBJC_WEAK = YES;
				CLANG_WARN_BLOCK_CAPTURE_AUTORELEASING = YES;
				CLANG_WARN_BOOL_CONVERSION = YES;
				CLANG_WARN_COMMA = YES;
				CLANG_WARN_CONSTANT_CONVERSION = YES;
				CLANG_WARN_DEPRECATED_OBJC_IMPLEMENTATIONS = YES;
				CLANG_WARN_DIRECT_OBJC_ISA_USAGE = YES_ERROR;
				CLANG_WARN_DOCUMENTATION_COMMENTS = YES;
				CLANG_WARN_EMPTY_BODY = YES;
				CLANG_WARN_ENUM_CONVERSION = YES;
				CLANG_WARN_INFINITE_RECURSION = YES;
				CLANG_WARN_INT_CONVERSION = YES;
				CLANG_WARN_NON_LITERAL_NULL_CONVERSION = YES;
				CLANG_WARN_OBJC_IMPLICIT_RETAIN_SELF = YES;
				CLANG_WARN_OBJC_LITERAL_CONVERSION = YES;
				CLANG_WARN_OBJC_ROOT_CLASS = YES_ERROR;
				CLANG_WARN_RANGE_LOOP_ANALYSIS = YES;
				CLANG_WARN_STRICT_PROTOTYPES = YES;
				CLANG_WARN_SUSPICIOUS_MOVE = YES;
				CLANG_WARN_UNGUARDED_AVAILABILITY = YES_AGGRESSIVE;
				CLANG_WARN_UNREACHABLE_CODE = YES;
				CLANG_WARN__DUPLICATE_METHOD_MATCH = YES;
				CODE_SIGN_IDENTITY = "iPhone Developer";
				COPY_PHASE_STRIP = NO;
				DEBUG_INFORMATION_FORMAT = "dwarf-with-dsym";
				ENABLE_NS_ASSERTIONS = NO;
				ENABLE_STRICT_OBJC_MSGSEND = YES;
				GCC_C_LANGUAGE_STANDARD = gnu11;
				GCC_NO_COMMON_BLOCKS = YES;
				GCC_WARN_64_TO_32_BIT_CONVERSION = YES;
				GCC_WARN_ABOUT_RETURN_TYPE = YES_ERROR;
				GCC_WARN_UNDECLARED_SELECTOR = YES;
				GCC_WARN_UNINITIALIZED_AUTOS = YES_AGGRESSIVE;
				GCC_WARN_UNUSED_FUNCTION = YES;
				GCC_WARN_UNUSED_VARIABLE = YES;
				IPHONEOS_DEPLOYMENT_TARGET = 11.1;
				MTL_ENABLE_DEBUG_INFO = NO;
				MTL_FAST_MATH = YES;
				SDKROOT = iphoneos;
				SWIFT_COMPILATION_MODE = wholemodule;
				SWIFT_OPTIMIZATION_LEVEL = "-O";
				VALIDATE_PRODUCT = YES;
			};
			name = Release;
		};
		420987A421F8712300791BB3 /* Debug */ = {
			isa = XCBuildConfiguration;
			buildSettings = {
				ASSETCATALOG_COMPILER_APPICON_NAME = AppIcon;
				CODE_SIGN_STYLE = Automatic;
				DEVELOPMENT_TEAM = K6P6D63736;
				INFOPLIST_FILE = PipeCam/Info.plist;
				LD_RUNPATH_SEARCH_PATHS = (
					"$(inherited)",
					"@executable_path/Frameworks",
				);
				PRODUCT_BUNDLE_IDENTIFIER = com.obrebalski.PipeCam;
				PRODUCT_NAME = "$(TARGET_NAME)";
				SWIFT_VERSION = 4.2;
				TARGETED_DEVICE_FAMILY = "1,2";
			};
			name = Debug;
		};
		420987A521F8712300791BB3 /* Release */ = {
			isa = XCBuildConfiguration;
			buildSettings = {
				ASSETCATALOG_COMPILER_APPICON_NAME = AppIcon;
				CODE_SIGN_STYLE = Automatic;
				DEVELOPMENT_TEAM = K6P6D63736;
				INFOPLIST_FILE = PipeCam/Info.plist;
				LD_RUNPATH_SEARCH_PATHS = (
					"$(inherited)",
					"@executable_path/Frameworks",
				);
				PRODUCT_BUNDLE_IDENTIFIER = com.obrebalski.PipeCam;
				PRODUCT_NAME = "$(TARGET_NAME)";
				SWIFT_VERSION = 4.2;
				TARGETED_DEVICE_FAMILY = "1,2";
			};
			name = Release;
		};
/* End XCBuildConfiguration section */

/* Begin XCConfigurationList section */
		4209878C21F8712100791BB3 /* Build configuration list for PBXProject "PipeCam" */ = {
			isa = XCConfigurationList;
			buildConfigurations = (
				420987A121F8712300791BB3 /* Debug */,
				420987A221F8712300791BB3 /* Release */,
			);
			defaultConfigurationIsVisible = 0;
			defaultConfigurationName = Release;
		};
		420987A321F8712300791BB3 /* Build configuration list for PBXNativeTarget "PipeCam" */ = {
			isa = XCConfigurationList;
			buildConfigurations = (
				420987A421F8712300791BB3 /* Debug */,
				420987A521F8712300791BB3 /* Release */,
			);
			defaultConfigurationIsVisible = 0;
			defaultConfigurationName = Release;
		};
/* End XCConfigurationList section */
	};
	rootObject = 4209878921F8712100791BB3 /* Project object */;
}
